{
  "name": "pareto-process-res",
  "version": "0.9.0",
  "lockfileVersion": 2,
  "requires": true,
  "packages": {
    "": {
      "name": "pareto-process-res",
      "version": "0.9.0",
      "license": "ISC",
      "dependencies": {
        "pareto-lib-core": "^0.5.0",
        "pareto-process-api": "^0.6.0"
      },
      "devDependencies": {
        "@types/node": "^18.0.3"
      }
    },
    "node_modules/@types/node": {
      "version": "18.0.3",
      "resolved": "https://registry.npmjs.org/@types/node/-/node-18.0.3.tgz",
      "integrity": "sha512-HzNRZtp4eepNitP+BD6k2L6DROIDG4Q0fm4x+dwfsr6LGmROENnok75VGw40628xf+iR24WeMFcHuuBDUAzzsQ==",
      "dev": true
    },
    "node_modules/pareto-api-core": {
      "version": "0.1.0",
      "resolved": "https://registry.npmjs.org/pareto-api-core/-/pareto-api-core-0.1.0.tgz",
      "integrity": "sha512-n62sy/20fJxEbHwWmrM7uMQiWETS/mIKqcJfxxA2EzxRIhvmsOFDJr4eaB3L4WgDsi9j9AVVddYCqolmpvjEBQ=="
    },
    "node_modules/pareto-lib-core": {
      "version": "0.5.0",
      "resolved": "https://registry.npmjs.org/pareto-lib-core/-/pareto-lib-core-0.5.0.tgz",
      "integrity": "sha512-x2N4N+qOj7l/FdOiOUVQ4H90tHpp5fAr7mKtip4BQrffA+nnuPwmYz0GaYP61sIMyWzTevRfiVJSPhJang5Adg==",
      "dependencies": {
        "pareto-api-core": "^0.1.0"
      }
    },
    "node_modules/pareto-process-api": {
      "version": "0.6.0",
      "resolved": "https://registry.npmjs.org/pareto-process-api/-/pareto-process-api-0.6.0.tgz",
      "integrity": "sha512-C/zrMEYrj9U8fqzierXq8yfZ3zQ6OKVhoagQ0x+r23aQhhVoyR6rlg69AUs0dX4UHPpOv7lhzqhwAxYbV4f7WA==",
      "dependencies": {
        "pareto-api-core": "^0.1.0"
      }
    }
  },
  "dependencies": {
    "@types/node": {
      "version": "18.0.3",
      "resolved": "https://registry.npmjs.org/@types/node/-/node-18.0.3.tgz",
      "integrity": "sha512-HzNRZtp4eepNitP+BD6k2L6DROIDG4Q0fm4x+dwfsr6LGmROENnok75VGw40628xf+iR24WeMFcHuuBDUAzzsQ==",
      "dev": true
    },
    "pareto-api-core": {
      "version": "0.1.0",
      "resolved": "https://registry.npmjs.org/pareto-api-core/-/pareto-api-core-0.1.0.tgz",
      "integrity": "sha512-n62sy/20fJxEbHwWmrM7uMQiWETS/mIKqcJfxxA2EzxRIhvmsOFDJr4eaB3L4WgDsi9j9AVVddYCqolmpvjEBQ=="
    },
    "pareto-lib-core": {
      "version": "0.5.0",
      "resolved": "https://registry.npmjs.org/pareto-lib-core/-/pareto-lib-core-0.5.0.tgz",
      "integrity": "sha512-x2N4N+qOj7l/FdOiOUVQ4H90tHpp5fAr7mKtip4BQrffA+nnuPwmYz0GaYP61sIMyWzTevRfiVJSPhJang5Adg==",
      "requires": {
        "pareto-api-core": "^0.1.0"
      }
    },
    "pareto-process-api": {
      "version": "0.6.0",
      "resolved": "https://registry.npmjs.org/pareto-process-api/-/pareto-process-api-0.6.0.tgz",
      "integrity": "sha512-C/zrMEYrj9U8fqzierXq8yfZ3zQ6OKVhoagQ0x+r23aQhhVoyR6rlg69AUs0dX4UHPpOv7lhzqhwAxYbV4f7WA==",
      "requires": {
        "pareto-api-core": "^0.1.0"
      }
    }
  }
}
