{
  "name": "pareto-process-lib",
  "version": "0.5.0",
  "lockfileVersion": 2,
  "requires": true,
  "packages": {
    "": {
      "name": "pareto-process-lib",
      "version": "0.5.0",
      "license": "ISC",
      "dependencies": {
        "pareto-lang-lib": "^0.8.0",
        "pareto-process-api": "^0.4.0"
      },
      "devDependencies": {
        "@types/node": "^18.0.3"
      }
    },
    "node_modules/@types/node": {
      "version": "18.0.3",
      "resolved": "https://registry.npmjs.org/@types/node/-/node-18.0.3.tgz",
      "integrity": "sha512-HzNRZtp4eepNitP+BD6k2L6DROIDG4Q0fm4x+dwfsr6LGmROENnok75VGw40628xf+iR24WeMFcHuuBDUAzzsQ==",
      "dev": true
    },
    "node_modules/pareto-async-api": {
      "version": "0.6.0",
      "resolved": "https://registry.npmjs.org/pareto-async-api/-/pareto-async-api-0.6.0.tgz",
      "integrity": "sha512-1kyy1dsEBUFVK5o8sb4LsxaXXc12UtQ0yRnisa3n62dUFNYp4mY5e+IQSlTyKFRHlTkpsEhR5w06hpSrYEMzSQ==",
      "dependencies": {
        "pareto-lang-api": "^0.6.0"
      }
    },
    "node_modules/pareto-lang-api": {
      "version": "0.6.0",
      "resolved": "https://registry.npmjs.org/pareto-lang-api/-/pareto-lang-api-0.6.0.tgz",
      "integrity": "sha512-rKtnWp5DHlwPHLCnBHMIW5Bhx+enwNGroiaWJnca0Mtybf9zWVaOA3zjA14eDEDEyOiLJbG/6FO8YXwp7MlwTw=="
    },
    "node_modules/pareto-lang-lib": {
      "version": "0.8.0",
      "resolved": "https://registry.npmjs.org/pareto-lang-lib/-/pareto-lang-lib-0.8.0.tgz",
      "integrity": "sha512-zZBianB7Q36UeUlxz3jjBUgKs4BmQ/J583r39AftOXlo8JJxUY1cMXPe/yVbdKaLpMdxyh9/Atg9zQ6gwDQD1A==",
      "dependencies": {
        "pareto-lang-api": "^0.6.0"
      }
    },
    "node_modules/pareto-process-api": {
      "version": "0.4.0",
      "resolved": "https://registry.npmjs.org/pareto-process-api/-/pareto-process-api-0.4.0.tgz",
      "integrity": "sha512-8GMGxERah/dWQqNDim7XiMo5kNGVuMZfWDGPYpv46HfHPxN03CeCsd9x+QTdlrUgto9ngI42o+WpBgnQ4VKwLw==",
      "dependencies": {
        "pareto-async-api": "^0.6.0"
      }
    }
  },
  "dependencies": {
    "@types/node": {
      "version": "18.0.3",
      "resolved": "https://registry.npmjs.org/@types/node/-/node-18.0.3.tgz",
      "integrity": "sha512-HzNRZtp4eepNitP+BD6k2L6DROIDG4Q0fm4x+dwfsr6LGmROENnok75VGw40628xf+iR24WeMFcHuuBDUAzzsQ==",
      "dev": true
    },
    "pareto-async-api": {
      "version": "0.6.0",
      "resolved": "https://registry.npmjs.org/pareto-async-api/-/pareto-async-api-0.6.0.tgz",
      "integrity": "sha512-1kyy1dsEBUFVK5o8sb4LsxaXXc12UtQ0yRnisa3n62dUFNYp4mY5e+IQSlTyKFRHlTkpsEhR5w06hpSrYEMzSQ==",
      "requires": {
        "pareto-lang-api": "^0.6.0"
      }
    },
    "pareto-lang-api": {
      "version": "0.6.0",
      "resolved": "https://registry.npmjs.org/pareto-lang-api/-/pareto-lang-api-0.6.0.tgz",
      "integrity": "sha512-rKtnWp5DHlwPHLCnBHMIW5Bhx+enwNGroiaWJnca0Mtybf9zWVaOA3zjA14eDEDEyOiLJbG/6FO8YXwp7MlwTw=="
    },
    "pareto-lang-lib": {
      "version": "0.8.0",
      "resolved": "https://registry.npmjs.org/pareto-lang-lib/-/pareto-lang-lib-0.8.0.tgz",
      "integrity": "sha512-zZBianB7Q36UeUlxz3jjBUgKs4BmQ/J583r39AftOXlo8JJxUY1cMXPe/yVbdKaLpMdxyh9/Atg9zQ6gwDQD1A==",
      "requires": {
        "pareto-lang-api": "^0.6.0"
      }
    },
    "pareto-process-api": {
      "version": "0.4.0",
      "resolved": "https://registry.npmjs.org/pareto-process-api/-/pareto-process-api-0.4.0.tgz",
      "integrity": "sha512-8GMGxERah/dWQqNDim7XiMo5kNGVuMZfWDGPYpv46HfHPxN03CeCsd9x+QTdlrUgto9ngI42o+WpBgnQ4VKwLw==",
      "requires": {
        "pareto-async-api": "^0.6.0"
      }
    }
  }
}
