{
  "name": "astn-ide-lib",
  "version": "0.2.2",
  "lockfileVersion": 2,
  "requires": true,
  "packages": {
    "": {
      "name": "astn-ide-lib",
      "version": "0.2.2",
      "license": "ISC",
      "dependencies": {
        "astn-ide-api": "^0.1.5",
        "astn-tokenconsumer-api": "^0.3.4",
        "astn-typedtreehandler-api": "^0.7.4",
        "pareto-lang-lib": "^0.7.0",
        "pareto-runtime": "^0.23.0"
      }
    },
    "node_modules/astn-handlers-api": {
      "version": "0.6.0",
      "resolved": "https://registry.npmjs.org/astn-handlers-api/-/astn-handlers-api-0.6.0.tgz",
      "integrity": "sha512-dujuwku/LKsWA7vDDbSIL/ZDQeby9LazEY0bkUjg3m+jV2HfQV/YoL90pWbNF0MF63GG+s9voDDRySKrV3rjrw==",
      "dependencies": {
        "astn-tokenconsumer-api": "^0.3.4"
      }
    },
    "node_modules/astn-ide-api": {
      "version": "0.1.5",
      "resolved": "https://registry.npmjs.org/astn-ide-api/-/astn-ide-api-0.1.5.tgz",
      "integrity": "sha512-NVJMpsc7NaFHoEKXjFWiuc/0DGUTKB3RRujjnYPzQr11GeULU+J17pH4fTwSy/3GeENYZstM2zpROLdZedmbMw=="
    },
    "node_modules/astn-tokenconsumer-api": {
      "version": "0.3.4",
      "resolved": "https://registry.npmjs.org/astn-tokenconsumer-api/-/astn-tokenconsumer-api-0.3.4.tgz",
      "integrity": "sha512-KsmXBkvCGSOV6e3qlACuWut4336jcDVnQT7eVEp6rdfCPQXA8gzt9DSsmSj5sLlPmIXxvdfUbCrD6r6CThrn5A=="
    },
    "node_modules/astn-typedtreehandler-api": {
      "version": "0.7.4",
      "resolved": "https://registry.npmjs.org/astn-typedtreehandler-api/-/astn-typedtreehandler-api-0.7.4.tgz",
      "integrity": "sha512-cEaLl6Qthgz032gr+vB1Qz+Gb9QtkuyvDRYZ63UiJLsSW6En5BZQ4QWsPCv6U/5oduASHbWjWjx/eCNhM9vjlQ==",
      "dependencies": {
        "astn-handlers-api": "^0.6.0",
        "pareto-lang-api": "^0.5.1"
      }
    },
    "node_modules/pareto-lang-api": {
      "version": "0.5.1",
      "resolved": "https://registry.npmjs.org/pareto-lang-api/-/pareto-lang-api-0.5.1.tgz",
      "integrity": "sha512-rJ1Gm9sdQ4vjOzmmINVUHxtFTQy5kQaEuw3k0wH4oJgwccVcw7VwHqHlIK1i/ocB9LRCRm1DgRu7K7td0W37fw=="
    },
    "node_modules/pareto-lang-lib": {
      "version": "0.7.0",
      "resolved": "https://registry.npmjs.org/pareto-lang-lib/-/pareto-lang-lib-0.7.0.tgz",
      "integrity": "sha512-SobORsQLqGZ4nL7hQwHgv7V3zKjZGij1CKrwASKKJl7KkMLx9054T/aRLktt8JjiNP2fQWPvggZQN7YOa5a0lQ==",
      "dependencies": {
        "pareto-lang-api": "^0.5.0"
      }
    },
    "node_modules/pareto-runtime": {
      "version": "0.23.0",
      "resolved": "https://registry.npmjs.org/pareto-runtime/-/pareto-runtime-0.23.0.tgz",
      "integrity": "sha512-Vwv2hx5HhzKzy9kFBEc8D0hoVhsIT20LE1azCYKVnLhUA6NqDP6HvqdzWBxx1RgeedG9CDzb3wgBlCS1GMq5gw=="
    }
  },
  "dependencies": {
    "astn-handlers-api": {
      "version": "0.6.0",
      "resolved": "https://registry.npmjs.org/astn-handlers-api/-/astn-handlers-api-0.6.0.tgz",
      "integrity": "sha512-dujuwku/LKsWA7vDDbSIL/ZDQeby9LazEY0bkUjg3m+jV2HfQV/YoL90pWbNF0MF63GG+s9voDDRySKrV3rjrw==",
      "requires": {
        "astn-tokenconsumer-api": "^0.3.4"
      }
    },
    "astn-ide-api": {
      "version": "0.1.5",
      "resolved": "https://registry.npmjs.org/astn-ide-api/-/astn-ide-api-0.1.5.tgz",
      "integrity": "sha512-NVJMpsc7NaFHoEKXjFWiuc/0DGUTKB3RRujjnYPzQr11GeULU+J17pH4fTwSy/3GeENYZstM2zpROLdZedmbMw=="
    },
    "astn-tokenconsumer-api": {
      "version": "0.3.4",
      "resolved": "https://registry.npmjs.org/astn-tokenconsumer-api/-/astn-tokenconsumer-api-0.3.4.tgz",
      "integrity": "sha512-KsmXBkvCGSOV6e3qlACuWut4336jcDVnQT7eVEp6rdfCPQXA8gzt9DSsmSj5sLlPmIXxvdfUbCrD6r6CThrn5A=="
    },
    "astn-typedtreehandler-api": {
      "version": "0.7.4",
      "resolved": "https://registry.npmjs.org/astn-typedtreehandler-api/-/astn-typedtreehandler-api-0.7.4.tgz",
      "integrity": "sha512-cEaLl6Qthgz032gr+vB1Qz+Gb9QtkuyvDRYZ63UiJLsSW6En5BZQ4QWsPCv6U/5oduASHbWjWjx/eCNhM9vjlQ==",
      "requires": {
        "astn-handlers-api": "^0.6.0",
        "pareto-lang-api": "^0.5.1"
      }
    },
    "pareto-lang-api": {
      "version": "0.5.1",
      "resolved": "https://registry.npmjs.org/pareto-lang-api/-/pareto-lang-api-0.5.1.tgz",
      "integrity": "sha512-rJ1Gm9sdQ4vjOzmmINVUHxtFTQy5kQaEuw3k0wH4oJgwccVcw7VwHqHlIK1i/ocB9LRCRm1DgRu7K7td0W37fw=="
    },
    "pareto-lang-lib": {
      "version": "0.7.0",
      "resolved": "https://registry.npmjs.org/pareto-lang-lib/-/pareto-lang-lib-0.7.0.tgz",
      "integrity": "sha512-SobORsQLqGZ4nL7hQwHgv7V3zKjZGij1CKrwASKKJl7KkMLx9054T/aRLktt8JjiNP2fQWPvggZQN7YOa5a0lQ==",
      "requires": {
        "pareto-lang-api": "^0.5.0"
      }
    },
    "pareto-runtime": {
      "version": "0.23.0",
      "resolved": "https://registry.npmjs.org/pareto-runtime/-/pareto-runtime-0.23.0.tgz",
      "integrity": "sha512-Vwv2hx5HhzKzy9kFBEc8D0hoVhsIT20LE1azCYKVnLhUA6NqDP6HvqdzWBxx1RgeedG9CDzb3wgBlCS1GMq5gw=="
    }
  }
}
