{
  "name": "pareto-process-lib",
  "version": "0.4.1",
  "lockfileVersion": 2,
  "requires": true,
  "packages": {
    "": {
      "name": "pareto-process-lib",
      "version": "0.4.1",
      "license": "ISC",
      "dependencies": {
        "pareto-lang-lib": "^0.7.0",
        "pareto-process-api": "^0.2.1"
      },
      "devDependencies": {
        "@types/node": "^18.0.0"
      }
    },
    "node_modules/@types/node": {
      "version": "18.0.0",
      "resolved": "https://registry.npmjs.org/@types/node/-/node-18.0.0.tgz",
      "integrity": "sha512-cHlGmko4gWLVI27cGJntjs/Sj8th9aYwplmZFwmmgYQQvL5NUsgVJG7OddLvNfLqYS31KFN0s3qlaD9qCaxACA==",
      "dev": true
    },
    "node_modules/pareto-async-api": {
      "version": "0.1.0",
      "resolved": "https://registry.npmjs.org/pareto-async-api/-/pareto-async-api-0.1.0.tgz",
      "integrity": "sha512-acPV45obQiboGYYQn3cKRrqodRSFMhNn1OA/LLEGMY7aKhYB7M7dOxK/Hsnn0U351aeRc9ZXEKULifs5/uJnJQ=="
    },
    "node_modules/pareto-lang-api": {
      "version": "0.5.1",
      "resolved": "https://registry.npmjs.org/pareto-lang-api/-/pareto-lang-api-0.5.1.tgz",
      "integrity": "sha512-rJ1Gm9sdQ4vjOzmmINVUHxtFTQy5kQaEuw3k0wH4oJgwccVcw7VwHqHlIK1i/ocB9LRCRm1DgRu7K7td0W37fw=="
    },
    "node_modules/pareto-lang-lib": {
      "version": "0.7.0",
      "resolved": "https://registry.npmjs.org/pareto-lang-lib/-/pareto-lang-lib-0.7.0.tgz",
      "integrity": "sha512-SobORsQLqGZ4nL7hQwHgv7V3zKjZGij1CKrwASKKJl7KkMLx9054T/aRLktt8JjiNP2fQWPvggZQN7YOa5a0lQ==",
      "dependencies": {
        "pareto-lang-api": "^0.5.0"
      }
    },
    "node_modules/pareto-process-api": {
      "version": "0.2.1",
      "resolved": "https://registry.npmjs.org/pareto-process-api/-/pareto-process-api-0.2.1.tgz",
      "integrity": "sha512-dzHm6rxdPABenKBuImGpiwaxmt7qCa1VrtgOGrQm6sCpwKkHsZ0ooGzvsVkoOUFSGk5z/iasTDKns5SZnPU78g==",
      "dependencies": {
        "pareto-async-api": "^0.1.0"
      }
    }
  },
  "dependencies": {
    "@types/node": {
      "version": "18.0.0",
      "resolved": "https://registry.npmjs.org/@types/node/-/node-18.0.0.tgz",
      "integrity": "sha512-cHlGmko4gWLVI27cGJntjs/Sj8th9aYwplmZFwmmgYQQvL5NUsgVJG7OddLvNfLqYS31KFN0s3qlaD9qCaxACA==",
      "dev": true
    },
    "pareto-async-api": {
      "version": "0.1.0",
      "resolved": "https://registry.npmjs.org/pareto-async-api/-/pareto-async-api-0.1.0.tgz",
      "integrity": "sha512-acPV45obQiboGYYQn3cKRrqodRSFMhNn1OA/LLEGMY7aKhYB7M7dOxK/Hsnn0U351aeRc9ZXEKULifs5/uJnJQ=="
    },
    "pareto-lang-api": {
      "version": "0.5.1",
      "resolved": "https://registry.npmjs.org/pareto-lang-api/-/pareto-lang-api-0.5.1.tgz",
      "integrity": "sha512-rJ1Gm9sdQ4vjOzmmINVUHxtFTQy5kQaEuw3k0wH4oJgwccVcw7VwHqHlIK1i/ocB9LRCRm1DgRu7K7td0W37fw=="
    },
    "pareto-lang-lib": {
      "version": "0.7.0",
      "resolved": "https://registry.npmjs.org/pareto-lang-lib/-/pareto-lang-lib-0.7.0.tgz",
      "integrity": "sha512-SobORsQLqGZ4nL7hQwHgv7V3zKjZGij1CKrwASKKJl7KkMLx9054T/aRLktt8JjiNP2fQWPvggZQN7YOa5a0lQ==",
      "requires": {
        "pareto-lang-api": "^0.5.0"
      }
    },
    "pareto-process-api": {
      "version": "0.2.1",
      "resolved": "https://registry.npmjs.org/pareto-process-api/-/pareto-process-api-0.2.1.tgz",
      "integrity": "sha512-dzHm6rxdPABenKBuImGpiwaxmt7qCa1VrtgOGrQm6sCpwKkHsZ0ooGzvsVkoOUFSGk5z/iasTDKns5SZnPU78g==",
      "requires": {
        "pareto-async-api": "^0.1.0"
      }
    }
  }
}
